
Microsoft Visual Studio Solution File, Format Version 12.00
# Visual Studio Version 17
VisualStudioVersion = 17.5.002.0
MinimumVisualStudioVersion = 10.0.40219.1
Project("{9A19103F-16F7-4668-BE54-9A1E7A4F7556}") = "game", "game\game.csproj", "{F6817639-DC98-45E1-BBA6-28D779CD17A3}"
EndProject
Project("{FAE04EC0-301F-11D3-BF4B-00C04F79EFBC}") = "game.Test", "game.Test\game.Test.csproj", "{4FD9809D-6F4B-4CAF-8E7F-3DF0A7F6E2BD}"
EndProject
Global
	GlobalSection(SolutionConfigurationPlatforms) = preSolution
		Debug|Any CPU = Debug|Any CPU
		Release|Any CPU = Release|Any CPU
	EndGlobalSection
	GlobalSection(ProjectConfigurationPlatforms) = postSolution
		{F6817639-DC98-45E1-BBA6-28D779CD17A3}.Debug|Any CPU.ActiveCfg = Debug|Any CPU
		{F6817639-DC98-45E1-BBA6-28D779CD17A3}.Debug|Any CPU.Build.0 = Debug|Any CPU
		{F6817639-DC98-45E1-BBA6-28D779CD17A3}.Release|Any CPU.ActiveCfg = Release|Any CPU
		{F6817639-DC98-45E1-BBA6-28D779CD17A3}.Release|Any CPU.Build.0 = Release|Any CPU
		{4FD9809D-6F4B-4CAF-8E7F-3DF0A7F6E2BD}.Debug|Any CPU.ActiveCfg = Debug|Any CPU
		{4FD9809D-6F4B-4CAF-8E7F-3DF0A7F6E2BD}.Debug|Any CPU.Build.0 = Debug|Any CPU
		{4FD9809D-6F4B-4CAF-8E7F-3DF0A7F6E2BD}.Release|Any CPU.ActiveCfg = Release|Any CPU
		{4FD9809D-6F4B-4CAF-8E7F-3DF0A7F6E2BD}.Release|Any CPU.Build.0 = Release|Any CPU
	EndGlobalSection
	GlobalSection(SolutionProperties) = preSolution
		HideSolutionNode = FALSE
	EndGlobalSection
	GlobalSection(ExtensibilityGlobals) = postSolution
		SolutionGuid = {93DE7F00-54F9-406A-9179-5403842C76DD}
	EndGlobalSection
EndGlobal
